
Microsoft Visual Studio Solution File, Format Version 12.00
# Visual Studio Version 17
VisualStudioVersion = 17.0.31919.166
MinimumVisualStudioVersion = 10.0.40219.1
Project("{8BC9CEB8-8B4A-11D0-8D11-00A0C91BC942}") = "CodeDesign_DataStructures_JulianPahor", "CodeDesign_DataStructures_JulianPahor.vcxproj", "{F7623912-C73B-4036-A156-C8B16C5F3536}"
EndProject
Project("{8BC9CEB8-8B4A-11D0-8D11-00A0C91BC942}") = "CDDS_Algorithms", "..\CDDS_Algorithms\CDDS_Algorithms.vcxproj", "{886E232E-C0B8-47C0-BE5C-5E50D4474893}"
EndProject
Project("{8BC9CEB8-8B4A-11D0-8D11-00A0C91BC942}") = "CDDS_Optimise", "..\CDDS_Optimise\CDDS_Optimise.vcxproj", "{5D2738E1-A166-40F6-936E-278C0AC90C7B}"
EndProject
Project("{8BC9CEB8-8B4A-11D0-8D11-00A0C91BC942}") = "Exercise-DynamicArrays", "..\Exercise-DynamicArrays\Exercise-DynamicArrays.vcxproj", "{EFF3AD60-1022-46A7-97CD-8F1F2B041866}"
EndProject
Project("{8BC9CEB8-8B4A-11D0-8D11-00A0C91BC942}") = "Exercise_LinkedList", "..\Exercise_LinkedList\Exercise_LinkedList.vcxproj", "{A48390B4-7451-4367-8486-F675A73827B3}"
EndProject
Project("{8BC9CEB8-8B4A-11D0-8D11-00A0C91BC942}") = "Sorting", "..\Sorting\Sorting.vcxproj", "{5E7AF40E-2982-4D7F-8F63-DDDE71195CB7}"
EndProject
Project("{8BC9CEB8-8B4A-11D0-8D11-00A0C91BC942}") = "Graphs", "..\Graphs\Graphs.vcxproj", "{DEAA8068-565B-4E42-A521-37F971F48B3F}"
EndProject
Project("{8BC9CEB8-8B4A-11D0-8D11-00A0C91BC942}") = "CDDS_BinaryTree", "..\CDDS_BinaryTree\CDDS_BinaryTree.vcxproj", "{1532490A-1EC5-4851-929D-8A51D4A4C6B1}"
EndProject
Project("{8BC9CEB8-8B4A-11D0-8D11-00A0C91BC942}") = "HashHashingHasher", "..\HashHashingHasher\HashHashingHasher.vcxproj", "{23EA813D-2A73-4000-98A1-5E09D8B4EB22}"
EndProject
Project("{8BC9CEB8-8B4A-11D0-8D11-00A0C91BC942}") = "IPC", "..\IPC\IPC.vcxproj", "{7D1AEF75-B652-4DAA-9856-957DB885C02E}"
EndProject
Project("{8BC9CEB8-8B4A-11D0-8D11-00A0C91BC942}") = "CDDS_IPC_EntityDisplay", "..\CDDS_IPC_EntityDisplay\CDDS_IPC_EntityDisplay.vcxproj", "{591693EC-75B0-46C6-AEBA-BCA20D6ECF66}"
EndProject
Project("{8BC9CEB8-8B4A-11D0-8D11-00A0C91BC942}") = "CDDS_IPC_EntityEditor", "..\CDDS_IPC_EntityEditor\CDDS_IPC_EntityEditor.vcxproj", "{A443DE1A-0CB4-4D25-901E-B4078F366528}"
EndProject
Project("{8BC9CEB8-8B4A-11D0-8D11-00A0C91BC942}") = "Testing_Project", "..\Testing_Project\Testing_Project.vcxproj", "{F2490911-DF76-40FF-B178-5DCB529E3006}"
EndProject
Global
	GlobalSection(SolutionConfigurationPlatforms) = preSolution
		Debug|x64 = Debug|x64
		Debug|x86 = Debug|x86
		Release|x64 = Release|x64
		Release|x86 = Release|x86
	EndGlobalSection
	GlobalSection(ProjectConfigurationPlatforms) = postSolution
		{F7623912-C73B-4036-A156-C8B16C5F3536}.Debug|x64.ActiveCfg = Debug|x64
		{F7623912-C73B-4036-A156-C8B16C5F3536}.Debug|x64.Build.0 = Debug|x64
		{F7623912-C73B-4036-A156-C8B16C5F3536}.Debug|x86.ActiveCfg = Debug|Win32
		{F7623912-C73B-4036-A156-C8B16C5F3536}.Debug|x86.Build.0 = Debug|Win32
		{F7623912-C73B-4036-A156-C8B16C5F3536}.Release|x64.ActiveCfg = Release|x64
		{F7623912-C73B-4036-A156-C8B16C5F3536}.Release|x64.Build.0 = Release|x64
		{F7623912-C73B-4036-A156-C8B16C5F3536}.Release|x86.ActiveCfg = Release|Win32
		{F7623912-C73B-4036-A156-C8B16C5F3536}.Release|x86.Build.0 = Release|Win32
		{886E232E-C0B8-47C0-BE5C-5E50D4474893}.Debug|x64.ActiveCfg = Debug|x64
		{886E232E-C0B8-47C0-BE5C-5E50D4474893}.Debug|x64.Build.0 = Debug|x64
		{886E232E-C0B8-47C0-BE5C-5E50D4474893}.Debug|x86.ActiveCfg = Debug|Win32
		{886E232E-C0B8-47C0-BE5C-5E50D4474893}.Debug|x86.Build.0 = Debug|Win32
		{886E232E-C0B8-47C0-BE5C-5E50D4474893}.Release|x64.ActiveCfg = Release|x64
		{886E232E-C0B8-47C0-BE5C-5E50D4474893}.Release|x64.Build.0 = Release|x64
		{886E232E-C0B8-47C0-BE5C-5E50D4474893}.Release|x86.ActiveCfg = Release|Win32
		{886E232E-C0B8-47C0-BE5C-5E50D4474893}.Release|x86.Build.0 = Release|Win32
		{5D2738E1-A166-40F6-936E-278C0AC90C7B}.Debug|x64.ActiveCfg = Debug|x64
		{5D2738E1-A166-40F6-936E-278C0AC90C7B}.Debug|x64.Build.0 = Debug|x64
		{5D2738E1-A166-40F6-936E-278C0AC90C7B}.Debug|x86.ActiveCfg = Debug|Win32
		{5D2738E1-A166-40F6-936E-278C0AC90C7B}.Debug|x86.Build.0 = Debug|Win32
		{5D2738E1-A166-40F6-936E-278C0AC90C7B}.Release|x64.ActiveCfg = Release|x64
		{5D2738E1-A166-40F6-936E-278C0AC90C7B}.Release|x64.Build.0 = Release|x64
		{5D2738E1-A166-40F6-936E-278C0AC90C7B}.Release|x86.ActiveCfg = Release|Win32
		{5D2738E1-A166-40F6-936E-278C0AC90C7B}.Release|x86.Build.0 = Release|Win32
		{EFF3AD60-1022-46A7-97CD-8F1F2B041866}.Debug|x64.ActiveCfg = Debug|x64
		{EFF3AD60-1022-46A7-97CD-8F1F2B041866}.Debug|x64.Build.0 = Debug|x64
		{EFF3AD60-1022-46A7-97CD-8F1F2B041866}.Debug|x86.ActiveCfg = Debug|Win32
		{EFF3AD60-1022-46A7-97CD-8F1F2B041866}.Debug|x86.Build.0 = Debug|Win32
		{EFF3AD60-1022-46A7-97CD-8F1F2B041866}.Release|x64.ActiveCfg = Release|x64
		{EFF3AD60-1022-46A7-97CD-8F1F2B041866}.Release|x64.Build.0 = Release|x64
		{EFF3AD60-1022-46A7-97CD-8F1F2B041866}.Release|x86.ActiveCfg = Release|Win32
		{EFF3AD60-1022-46A7-97CD-8F1F2B041866}.Release|x86.Build.0 = Release|Win32
		{A48390B4-7451-4367-8486-F675A73827B3}.Debug|x64.ActiveCfg = Debug|x64
		{A48390B4-7451-4367-8486-F675A73827B3}.Debug|x64.Build.0 = Debug|x64
		{A48390B4-7451-4367-8486-F675A73827B3}.Debug|x86.ActiveCfg = Debug|Win32
		{A48390B4-7451-4367-8486-F675A73827B3}.Debug|x86.Build.0 = Debug|Win32
		{A48390B4-7451-4367-8486-F675A73827B3}.Release|x64.ActiveCfg = Release|x64
		{A48390B4-7451-4367-8486-F675A73827B3}.Release|x64.Build.0 = Release|x64
		{A48390B4-7451-4367-8486-F675A73827B3}.Release|x86.ActiveCfg = Release|Win32
		{A48390B4-7451-4367-8486-F675A73827B3}.Release|x86.Build.0 = Release|Win32
		{5E7AF40E-2982-4D7F-8F63-DDDE71195CB7}.Debug|x64.ActiveCfg = Debug|x64
		{5E7AF40E-2982-4D7F-8F63-DDDE71195CB7}.Debug|x64.Build.0 = Debug|x64
		{5E7AF40E-2982-4D7F-8F63-DDDE71195CB7}.Debug|x86.ActiveCfg = Debug|Win32
		{5E7AF40E-2982-4D7F-8F63-DDDE71195CB7}.Debug|x86.Build.0 = Debug|Win32
		{5E7AF40E-2982-4D7F-8F63-DDDE71195CB7}.Release|x64.ActiveCfg = Release|x64
		{5E7AF40E-2982-4D7F-8F63-DDDE71195CB7}.Release|x64.Build.0 = Release|x64
		{5E7AF40E-2982-4D7F-8F63-DDDE71195CB7}.Release|x86.ActiveCfg = Release|Win32
		{5E7AF40E-2982-4D7F-8F63-DDDE71195CB7}.Release|x86.Build.0 = Release|Win32
		{DEAA8068-565B-4E42-A521-37F971F48B3F}.Debug|x64.ActiveCfg = Debug|x64
		{DEAA8068-565B-4E42-A521-37F971F48B3F}.Debug|x64.Build.0 = Debug|x64
		{DEAA8068-565B-4E42-A521-37F971F48B3F}.Debug|x86.ActiveCfg = Debug|Win32
		{DEAA8068-565B-4E42-A521-37F971F48B3F}.Debug|x86.Build.0 = Debug|Win32
		{DEAA8068-565B-4E42-A521-37F971F48B3F}.Release|x64.ActiveCfg = Release|x64
		{DEAA8068-565B-4E42-A521-37F971F48B3F}.Release|x64.Build.0 = Release|x64
		{DEAA8068-565B-4E42-A521-37F971F48B3F}.Release|x86.ActiveCfg = Release|Win32
		{DEAA8068-565B-4E42-A521-37F971F48B3F}.Release|x86.Build.0 = Release|Win32
		{1532490A-1EC5-4851-929D-8A51D4A4C6B1}.Debug|x64.ActiveCfg = Debug|x64
		{1532490A-1EC5-4851-929D-8A51D4A4C6B1}.Debug|x64.Build.0 = Debug|x64
		{1532490A-1EC5-4851-929D-8A51D4A4C6B1}.Debug|x86.ActiveCfg = Debug|Win32
		{1532490A-1EC5-4851-929D-8A51D4A4C6B1}.Debug|x86.Build.0 = Debug|Win32
		{1532490A-1EC5-4851-929D-8A51D4A4C6B1}.Release|x64.ActiveCfg = Release|x64
		{1532490A-1EC5-4851-929D-8A51D4A4C6B1}.Release|x64.Build.0 = Release|x64
		{1532490A-1EC5-4851-929D-8A51D4A4C6B1}.Release|x86.ActiveCfg = Release|Win32
		{1532490A-1EC5-4851-929D-8A51D4A4C6B1}.Release|x86.Build.0 = Release|Win32
		{23EA813D-2A73-4000-98A1-5E09D8B4EB22}.Debug|x64.ActiveCfg = Debug|x64
		{23EA813D-2A73-4000-98A1-5E09D8B4EB22}.Debug|x64.Build.0 = Debug|x64
		{23EA813D-2A73-4000-98A1-5E09D8B4EB22}.Debug|x86.ActiveCfg = Debug|Win32
		{23EA813D-2A73-4000-98A1-5E09D8B4EB22}.Debug|x86.Build.0 = Debug|Win32
		{23EA813D-2A73-4000-98A1-5E09D8B4EB22}.Release|x64.ActiveCfg = Release|x64
		{23EA813D-2A73-4000-98A1-5E09D8B4EB22}.Release|x64.Build.0 = Release|x64
		{23EA813D-2A73-4000-98A1-5E09D8B4EB22}.Release|x86.ActiveCfg = Release|Win32
		{23EA813D-2A73-4000-98A1-5E09D8B4EB22}.Release|x86.Build.0 = Release|Win32
		{7D1AEF75-B652-4DAA-9856-957DB885C02E}.Debug|x64.ActiveCfg = Debug|x64
		{7D1AEF75-B652-4DAA-9856-957DB885C02E}.Debug|x64.Build.0 = Debug|x64
		{7D1AEF75-B652-4DAA-9856-957DB885C02E}.Debug|x86.ActiveCfg = Debug|Win32
		{7D1AEF75-B652-4DAA-9856-957DB885C02E}.Debug|x86.Build.0 = Debug|Win32
		{7D1AEF75-B652-4DAA-9856-957DB885C02E}.Release|x64.ActiveCfg = Release|x64
		{7D1AEF75-B652-4DAA-9856-957DB885C02E}.Release|x64.Build.0 = Release|x64
		{7D1AEF75-B652-4DAA-9856-957DB885C02E}.Release|x86.ActiveCfg = Release|Win32
		{7D1AEF75-B652-4DAA-9856-957DB885C02E}.Release|x86.Build.0 = Release|Win32
		{591693EC-75B0-46C6-AEBA-BCA20D6ECF66}.Debug|x64.ActiveCfg = Debug|x64
		{591693EC-75B0-46C6-AEBA-BCA20D6ECF66}.Debug|x64.Build.0 = Debug|x64
		{591693EC-75B0-46C6-AEBA-BCA20D6ECF66}.Debug|x86.ActiveCfg = Debug|Win32
		{591693EC-75B0-46C6-AEBA-BCA20D6ECF66}.Debug|x86.Build.0 = Debug|Win32
		{591693EC-75B0-46C6-AEBA-BCA20D6ECF66}.Release|x64.ActiveCfg = Release|x64
		{591693EC-75B0-46C6-AEBA-BCA20D6ECF66}.Release|x64.Build.0 = Release|x64
		{591693EC-75B0-46C6-AEBA-BCA20D6ECF66}.Release|x86.ActiveCfg = Release|Win32
		{591693EC-75B0-46C6-AEBA-BCA20D6ECF66}.Release|x86.Build.0 = Release|Win32
		{A443DE1A-0CB4-4D25-901E-B4078F366528}.Debug|x64.ActiveCfg = Debug|x64
		{A443DE1A-0CB4-4D25-901E-B4078F366528}.Debug|x64.Build.0 = Debug|x64
		{A443DE1A-0CB4-4D25-901E-B4078F366528}.Debug|x86.ActiveCfg = Debug|Win32
		{A443DE1A-0CB4-4D25-901E-B4078F366528}.Debug|x86.Build.0 = Debug|Win32
		{A443DE1A-0CB4-4D25-901E-B4078F366528}.Release|x64.ActiveCfg = Release|x64
		{A443DE1A-0CB4-4D25-901E-B4078F366528}.Release|x64.Build.0 = Release|x64
		{A443DE1A-0CB4-4D25-901E-B4078F366528}.Release|x86.ActiveCfg = Release|Win32
		{A443DE1A-0CB4-4D25-901E-B4078F366528}.Release|x86.Build.0 = Release|Win32
		{F2490911-DF76-40FF-B178-5DCB529E3006}.Debug|x64.ActiveCfg = Debug|x64
		{F2490911-DF76-40FF-B178-5DCB529E3006}.Debug|x64.Build.0 = Debug|x64
		{F2490911-DF76-40FF-B178-5DCB529E3006}.Debug|x86.ActiveCfg = Debug|Win32
		{F2490911-DF76-40FF-B178-5DCB529E3006}.Debug|x86.Build.0 = Debug|Win32
		{F2490911-DF76-40FF-B178-5DCB529E3006}.Release|x64.ActiveCfg = Release|x64
		{F2490911-DF76-40FF-B178-5DCB529E3006}.Release|x64.Build.0 = Release|x64
		{F2490911-DF76-40FF-B178-5DCB529E3006}.Release|x86.ActiveCfg = Release|Win32
		{F2490911-DF76-40FF-B178-5DCB529E3006}.Release|x86.Build.0 = Release|Win32
	EndGlobalSection
	GlobalSection(SolutionProperties) = preSolution
		HideSolutionNode = FALSE
	EndGlobalSection
	GlobalSection(ExtensibilityGlobals) = postSolution
		SolutionGuid = {F2320ED8-972C-444B-8F48-03D9AE7A2036}
	EndGlobalSection
EndGlobal
